{
  "name": "virtual-sound-gallery",
  "version": "1.0.0",
  "lockfileVersion": 1,
  "requires": true,
  "dependencies": {
    "cardboard-vr-display": {
      "version": "1.0.3",
      "resolved": "https://registry.npmjs.org/cardboard-vr-display/-/cardboard-vr-display-1.0.3.tgz",
      "integrity": "sha512-0hpcIigEpQY83jAD8DnpkHdHA4badmo87Re/MQPY6jgquNxJZWLzNFkJ9uHC7AULK2PizOd85lU0laBcwxahLQ==",
      "requires": {
        "gl-preserve-state": "1.0.0",
        "nosleep.js": "0.7.0",
        "webvr-polyfill-dpdb": "1.0.6"
      }
    },
    "es6-promise": {
      "version": "4.2.4",
      "resolved": "https://registry.npmjs.org/es6-promise/-/es6-promise-4.2.4.tgz",
      "integrity": "sha512-/NdNZVJg+uZgtm9eS3O6lrOLYmQag2DjdEXuPaHlZ6RuVqgqaVZfgYCepEIKsLqwdQArOPtC3XzRLqGGfT8KQQ=="
    },
    "eventemitter3": {
      "version": "2.0.3",
      "resolved": "https://registry.npmjs.org/eventemitter3/-/eventemitter3-2.0.3.tgz",
      "integrity": "sha1-teEHm1n7XhuidxwKmTvgYKWMmbo="
    },
    "gl-preserve-state": {
      "version": "1.0.0",
      "resolved": "https://registry.npmjs.org/gl-preserve-state/-/gl-preserve-state-1.0.0.tgz",
      "integrity": "sha512-zQZ25l3haD4hvgJZ6C9+s0ebdkW9y+7U2qxvGu1uWOJh8a4RU+jURIKEQhf8elIlFpMH6CrAY2tH0mYrRjet3Q=="
    },
    "jquery": {
      "version": "3.3.1",
      "resolved": "https://registry.npmjs.org/jquery/-/jquery-3.3.1.tgz",
      "integrity": "sha512-Ubldcmxp5np52/ENotGxlLe6aGMvmF4R8S6tZjsP6Knsaxd/xp3Zrh50cG93lR6nPXyUFwzN3ZSOQI0wRJNdGg=="
    },
    "nosleep.js": {
      "version": "0.7.0",
      "resolved": "https://registry.npmjs.org/nosleep.js/-/nosleep.js-0.7.0.tgz",
      "integrity": "sha1-z9kZwlUjyg0PSmn7MwXAg62u4ok="
    },
    "screenfull": {
      "version": "3.3.2",
      "resolved": "https://registry.npmjs.org/screenfull/-/screenfull-3.3.2.tgz",
      "integrity": "sha512-zrnT8EidEWGFkmXEa1d/YUYNvvJaMX05g4O82K+Oiy9jR6Fh3ZTsovsccJOjRJyhS0KPV7AQpDFQRAYXBl9a5A=="
    },
    "three": {
      "version": "0.89.0",
      "resolved": "https://registry.npmjs.org/three/-/three-0.89.0.tgz",
      "integrity": "sha1-RELYGaYWiHG40ss3rRKiQxDBcPU="
    },
    "webvr": {
      "version": "0.0.0",
      "resolved": "https://registry.npmjs.org/webvr/-/webvr-0.0.0.tgz",
      "integrity": "sha1-zJVvxH7k6X+36DYl7Pm96Q8xlwQ="
    },
    "webvr-boilerplate": {
      "version": "0.5.0",
      "resolved": "https://registry.npmjs.org/webvr-boilerplate/-/webvr-boilerplate-0.5.0.tgz",
      "integrity": "sha1-620tFBRQUCRURPkHiNekAduU/M4=",
      "requires": {
        "es6-promise": "4.2.4",
        "three": "0.89.0",
        "webvr-polyfill": "0.10.2",
        "webvr-ui": "0.10.0"
      },
      "dependencies": {
        "three": {
          "version": "0.89.0",
          "resolved": "https://registry.npmjs.org/three/-/three-0.89.0.tgz",
          "integrity": "sha1-RELYGaYWiHG40ss3rRKiQxDBcPU="
        }
      }
    },
    "webvr-polyfill": {
      "version": "0.10.2",
      "resolved": "https://registry.npmjs.org/webvr-polyfill/-/webvr-polyfill-0.10.2.tgz",
      "integrity": "sha512-fbHNbU/qj5T51PwZekOX+9qymY8Gn8tTCCis+dxl80TvorBN3M62/GJGhx60mY6JsI0GUtHWaFXT5DZ7+Br2PQ==",
      "requires": {
        "cardboard-vr-display": "1.0.3"
      }
    },
    "webvr-polyfill-dpdb": {
      "version": "1.0.6",
      "resolved": "https://registry.npmjs.org/webvr-polyfill-dpdb/-/webvr-polyfill-dpdb-1.0.6.tgz",
      "integrity": "sha512-h5yZ0wjt67ECAe6LUYwA/91u2bYqE4TtSNeLLLChXPSSxzj4bOxF7345EcZMCJiESdmtU/rm/pX5Mj1U5ySp4Q=="
    },
    "webvr-ui": {
      "version": "0.10.0",
      "resolved": "https://registry.npmjs.org/webvr-ui/-/webvr-ui-0.10.0.tgz",
      "integrity": "sha1-YeG+OsEoUCHcrZVMo4+4YKyNiMU=",
      "requires": {
        "eventemitter3": "2.0.3",
        "screenfull": "3.3.2"
      }
    }
  }
}
